PODS:
  - AudioKit (3.5)
  - MusicTheorySwift (0.0.2)
  - RainbowSwift (2.0.1)

DEPENDENCIES:
  - AudioKit
  - MusicTheorySwift (from `https://github.com/cemolcay/MusicTheory.git`, commit `5f0fe8876c87a2b5726f1b73dd4fe61bcc3a0cfa`)
  - RainbowSwift

EXTERNAL SOURCES:
  MusicTheorySwift:
    :commit: 5f0fe8876c87a2b5726f1b73dd4fe61bcc3a0cfa
    :git: https://github.com/cemolcay/MusicTheory.git

CHECKOUT OPTIONS:
  MusicTheorySwift:
    :commit: 5f0fe8876c87a2b5726f1b73dd4fe61bcc3a0cfa
    :git: https://github.com/cemolcay/MusicTheory.git

SPEC CHECKSUMS:
  AudioKit: 775885f735260c25f4f2c3c0601e79ae49900831
  MusicTheorySwift: 26738f8cafcd13ec524c8bcc58000a4946699d17
  RainbowSwift: 54b5fbfe5c6225d5da50ce30244f04cf0b81eb2d

PODFILE CHECKSUM: c5145b72d9551782ac6d7c5cb58ed597c268f9e5

COCOAPODS: 1.1.1
